
Microsoft Visual Studio Solution File, Format Version 12.00
# Visual Studio Version 17
VisualStudioVersion = 17.4.33213.308
MinimumVisualStudioVersion = 10.0.40219.1
Project("{FAE04EC0-301F-11D3-BF4B-00C04F79EFBC}") = "UnitTests", "UnitTests\UnitTests.csproj", "{371FFC02-5A55-48CC-ABB2-D02B595791FE}"
EndProject
Project("{FAE04EC0-301F-11D3-BF4B-00C04F79EFBC}") = "StickGame.Tests", "StickGame.Tests\StickGame.Tests.csproj", "{B3132046-800D-47DE-A04A-4679C6F451AB}"
EndProject
Global
	GlobalSection(SolutionConfigurationPlatforms) = preSolution
		Debug|Any CPU = Debug|Any CPU
		Release|Any CPU = Release|Any CPU
	EndGlobalSection
	GlobalSection(ProjectConfigurationPlatforms) = postSolution
		{371FFC02-5A55-48CC-ABB2-D02B595791FE}.Debug|Any CPU.ActiveCfg = Debug|Any CPU
		{371FFC02-5A55-48CC-ABB2-D02B595791FE}.Debug|Any CPU.Build.0 = Debug|Any CPU
		{371FFC02-5A55-48CC-ABB2-D02B595791FE}.Release|Any CPU.ActiveCfg = Release|Any CPU
		{371FFC02-5A55-48CC-ABB2-D02B595791FE}.Release|Any CPU.Build.0 = Release|Any CPU
		{B3132046-800D-47DE-A04A-4679C6F451AB}.Debug|Any CPU.ActiveCfg = Debug|Any CPU
		{B3132046-800D-47DE-A04A-4679C6F451AB}.Debug|Any CPU.Build.0 = Debug|Any CPU
		{B3132046-800D-47DE-A04A-4679C6F451AB}.Release|Any CPU.ActiveCfg = Release|Any CPU
		{B3132046-800D-47DE-A04A-4679C6F451AB}.Release|Any CPU.Build.0 = Release|Any CPU
	EndGlobalSection
	GlobalSection(SolutionProperties) = preSolution
		HideSolutionNode = FALSE
	EndGlobalSection
	GlobalSection(ExtensibilityGlobals) = postSolution
		SolutionGuid = {7D86E15F-82A0-4497-BAD8-3247BB0EB62F}
	EndGlobalSection
EndGlobal
