
Microsoft Visual Studio Solution File, Format Version 12.00
# Visual Studio Version 17
VisualStudioVersion = 17.4.33213.308
MinimumVisualStudioVersion = 10.0.40219.1
Project("{FAE04EC0-301F-11D3-BF4B-00C04F79EFBC}") = "DatoriumClicker", "DatoriumClicker\DatoriumClicker.csproj", "{7CBC56E0-0EE7-4DCA-9217-6A7D5258082B}"
EndProject
Global
	GlobalSection(SolutionConfigurationPlatforms) = preSolution
		Debug|Any CPU = Debug|Any CPU
		Release|Any CPU = Release|Any CPU
	EndGlobalSection
	GlobalSection(ProjectConfigurationPlatforms) = postSolution
		{7CBC56E0-0EE7-4DCA-9217-6A7D5258082B}.Debug|Any CPU.ActiveCfg = Debug|Any CPU
		{7CBC56E0-0EE7-4DCA-9217-6A7D5258082B}.Debug|Any CPU.Build.0 = Debug|Any CPU
		{7CBC56E0-0EE7-4DCA-9217-6A7D5258082B}.Release|Any CPU.ActiveCfg = Release|Any CPU
		{7CBC56E0-0EE7-4DCA-9217-6A7D5258082B}.Release|Any CPU.Build.0 = Release|Any CPU
	EndGlobalSection
	GlobalSection(SolutionProperties) = preSolution
		HideSolutionNode = FALSE
	EndGlobalSection
	GlobalSection(ExtensibilityGlobals) = postSolution
		SolutionGuid = {BBD2E0DE-5D02-4826-B766-79ED29134C1E}
	EndGlobalSection
EndGlobal
